{
  "nodes": {
    "flake-utils": {
      "inputs": {
        "systems": "systems"
      },
      "locked": {
        "lastModified": 1694529238,
        "narHash": "sha256-zsNZZGTGnMOf9YpHKJqMSsa0dXbfmxeoJ7xHlrt+xmY=",
        "owner": "numtide",
        "repo": "flake-utils",
        "rev": "ff7b65b44d01cf9ba6a71320833626af21126384",
        "type": "github"
      },
      "original": {
        "owner": "numtide",
        "repo": "flake-utils",
        "type": "github"
      }
    },
    "home-manager": {
      "inputs": {
        "nixpkgs": [
          "nixpkgs"
        ]
      },
      "locked": {
        "lastModified": 1708031129,
        "narHash": "sha256-EH20hJfNnc1/ODdDVat9B7aKm0B95L3YtkIRwKLvQG8=",
        "owner": "nix-community",
        "repo": "home-manager",
        "rev": "3d6791b3897b526c82920a2ab5f61d71985b3cf8",
        "type": "github"
      },
      "original": {
        "owner": "nix-community",
        "repo": "home-manager",
        "type": "github"
      }
    },
    "nixos-hardware": {
      "locked": {
        "lastModified": 1707842204,
        "narHash": "sha256-M+HAq1qWQBi/gywaMZwX0odU+Qb/XeqVeANGKRBDOwU=",
        "owner": "nixos",
        "repo": "nixos-hardware",
        "rev": "f1b2f71c86a5b1941d20608db0b1e88a07d31303",
        "type": "github"
      },
      "original": {
        "owner": "nixos",
        "repo": "nixos-hardware",
        "type": "github"
      }
    },
    "nixpkgs": {
      "locked": {
        "lastModified": 1707956935,
        "narHash": "sha256-ZL2TrjVsiFNKOYwYQozpbvQSwvtV/3Me7Zwhmdsfyu4=",
        "owner": "nixos",
        "repo": "nixpkgs",
        "rev": "a4d4fe8c5002202493e87ec8dbc91335ff55552c",
        "type": "github"
      },
      "original": {
        "owner": "nixos",
        "ref": "nixos-unstable",
        "repo": "nixpkgs",
        "type": "github"
      }
    },
    "nixpkgs-2305": {
      "locked": {
        "lastModified": 1704290814,
        "narHash": "sha256-LWvKHp7kGxk/GEtlrGYV68qIvPHkU9iToomNFGagixU=",
        "owner": "nixos",
        "repo": "nixpkgs",
        "rev": "70bdadeb94ffc8806c0570eb5c2695ad29f0e421",
        "type": "github"
      },
      "original": {
        "owner": "nixos",
        "ref": "nixos-23.05",
        "repo": "nixpkgs",
        "type": "github"
      }
    },
    "nixpkgs-stable": {
      "locked": {
        "lastModified": 1707978831,
        "narHash": "sha256-UblFdWQ2MMZNzD9C/w8+7RjAJ2QIbebbzHUniQ/a44o=",
        "owner": "nixos",
        "repo": "nixpkgs",
        "rev": "c68a9fc85c2cb3a313be6ff40511635544dde8da",
        "type": "github"
      },
      "original": {
        "owner": "nixos",
        "ref": "nixos-23.11",
        "repo": "nixpkgs",
        "type": "github"
      }
    },
    "plasma-manager": {
      "inputs": {
        "home-manager": [
          "nixpkgs"
        ],
        "nixpkgs": [
          "nixpkgs"
        ]
      },
      "locked": {
        "lastModified": 1707590627,
        "narHash": "sha256-LJ/lFEupLSi7xtUps234hhMk7ZdVLRoYeU7KiCFaoGw=",
        "owner": "pjones",
        "repo": "plasma-manager",
        "rev": "4e56cfeb95081a43cb49487d0996dc936d6201e5",
        "type": "github"
      },
      "original": {
        "owner": "pjones",
        "repo": "plasma-manager",
        "type": "github"
      }
    },
    "root": {
      "inputs": {
        "home-manager": "home-manager",
        "nixos-hardware": "nixos-hardware",
        "nixpkgs": "nixpkgs",
        "nixpkgs-2305": "nixpkgs-2305",
        "nixpkgs-stable": "nixpkgs-stable",
        "plasma-manager": "plasma-manager",
        "utils": "utils"
      }
    },
    "systems": {
      "locked": {
        "lastModified": 1681028828,
        "narHash": "sha256-Vy1rq5AaRuLzOxct8nz4T6wlgyUR7zLU309k9mBC768=",
        "owner": "nix-systems",
        "repo": "default",
        "rev": "da67096a3b9bf56a91d16901293e51ba5b49a27e",
        "type": "github"
      },
      "original": {
        "owner": "nix-systems",
        "repo": "default",
        "type": "github"
      }
    },
    "utils": {
      "inputs": {
        "flake-utils": "flake-utils"
      },
      "locked": {
        "lastModified": 1696281284,
        "narHash": "sha256-xcmtTmoiiAOSk4abifbtqVZk0iwBcqJfg47iUbkwhcE=",
        "owner": "gytis-ivaskevicius",
        "repo": "flake-utils-plus",
        "rev": "6cf1e312fb259693c4930d07ca3cbe1d07ef4a48",
        "type": "github"
      },
      "original": {
        "owner": "gytis-ivaskevicius",
        "ref": "v1.4.0",
        "repo": "flake-utils-plus",
        "type": "github"
      }
    }
  },
  "root": "root",
  "version": 7
}
